
Microsoft Visual Studio Solution File, Format Version 12.00
# Visual Studio Version 17
VisualStudioVersion = 17.5.33424.131
MinimumVisualStudioVersion = 10.0.40219.1
Project("{FAE04EC0-301F-11D3-BF4B-00C04F79EFBC}") = "PasswordHistoryService", "PasswordHistoryService.csproj", "{07BEF20A-BC1F-4E74-A042-126B2825BE30}"
EndProject
Global
	GlobalSection(SolutionConfigurationPlatforms) = preSolution
		Debug|Any CPU = Debug|Any CPU
		Release|Any CPU = Release|Any CPU
	EndGlobalSection
	GlobalSection(ProjectConfigurationPlatforms) = postSolution
		{07BEF20A-BC1F-4E74-A042-126B2825BE30}.Debug|Any CPU.ActiveCfg = Debug|Any CPU
		{07BEF20A-BC1F-4E74-A042-126B2825BE30}.Debug|Any CPU.Build.0 = Debug|Any CPU
		{07BEF20A-BC1F-4E74-A042-126B2825BE30}.Release|Any CPU.ActiveCfg = Release|Any CPU
		{07BEF20A-BC1F-4E74-A042-126B2825BE30}.Release|Any CPU.Build.0 = Release|Any CPU
	EndGlobalSection
	GlobalSection(SolutionProperties) = preSolution
		HideSolutionNode = FALSE
	EndGlobalSection
	GlobalSection(ExtensibilityGlobals) = postSolution
		SolutionGuid = {89458F1A-97BE-4F46-A558-0D1C213B42A9}
	EndGlobalSection
EndGlobal
